
Microsoft Visual Studio Solution File, Format Version 12.00
# Visual Studio Version 16
VisualStudioVersion = 16.0.28803.202
MinimumVisualStudioVersion = 10.0.40219.1
Project("{FAE04EC0-301F-11D3-BF4B-00C04F79EFBC}") = "JoomlaPacker", "JoomlaPacker\JoomlaPacker.csproj", "{920DE06D-517A-4B1B-AA50-EA162617DD4A}"
EndProject
Project("{FAE04EC0-301F-11D3-BF4B-00C04F79EFBC}") = "JoomlaFunctions", "JoomlaFunctions\JoomlaFunctions.csproj", "{D9FF60FF-0347-4141-9F4B-D83DE9C7505C}"
EndProject
Global
	GlobalSection(SolutionConfigurationPlatforms) = preSolution
		Debug|Any CPU = Debug|Any CPU
		Release|Any CPU = Release|Any CPU
	EndGlobalSection
	GlobalSection(ProjectConfigurationPlatforms) = postSolution
		{920DE06D-517A-4B1B-AA50-EA162617DD4A}.Debug|Any CPU.ActiveCfg = Debug|Any CPU
		{920DE06D-517A-4B1B-AA50-EA162617DD4A}.Debug|Any CPU.Build.0 = Debug|Any CPU
		{920DE06D-517A-4B1B-AA50-EA162617DD4A}.Release|Any CPU.ActiveCfg = Release|Any CPU
		{920DE06D-517A-4B1B-AA50-EA162617DD4A}.Release|Any CPU.Build.0 = Release|Any CPU
		{D9FF60FF-0347-4141-9F4B-D83DE9C7505C}.Debug|Any CPU.ActiveCfg = Debug|Any CPU
		{D9FF60FF-0347-4141-9F4B-D83DE9C7505C}.Debug|Any CPU.Build.0 = Debug|Any CPU
		{D9FF60FF-0347-4141-9F4B-D83DE9C7505C}.Release|Any CPU.ActiveCfg = Release|Any CPU
		{D9FF60FF-0347-4141-9F4B-D83DE9C7505C}.Release|Any CPU.Build.0 = Release|Any CPU
	EndGlobalSection
	GlobalSection(SolutionProperties) = preSolution
		HideSolutionNode = FALSE
	EndGlobalSection
	GlobalSection(ExtensibilityGlobals) = postSolution
		SolutionGuid = {EC3B3F52-E7FF-4E93-8613-6ECA691FCA6B}
	EndGlobalSection
EndGlobal
